
Microsoft Visual Studio Solution File, Format Version 12.00
# Visual Studio Version 17
VisualStudioVersion = 17.0.31919.166
MinimumVisualStudioVersion = 10.0.40219.1
Project("{FAE04EC0-301F-11D3-BF4B-00C04F79EFBC}") = "CadastroReceitas", "CadastroReceitas\CadastroReceitas.csproj", "{07D1D403-863A-4C97-B1BB-AD0A559143A0}"
EndProject
Global
	GlobalSection(SolutionConfigurationPlatforms) = preSolution
		Debug|Any CPU = Debug|Any CPU
		Release|Any CPU = Release|Any CPU
	EndGlobalSection
	GlobalSection(ProjectConfigurationPlatforms) = postSolution
		{07D1D403-863A-4C97-B1BB-AD0A559143A0}.Debug|Any CPU.ActiveCfg = Debug|Any CPU
		{07D1D403-863A-4C97-B1BB-AD0A559143A0}.Debug|Any CPU.Build.0 = Debug|Any CPU
		{07D1D403-863A-4C97-B1BB-AD0A559143A0}.Release|Any CPU.ActiveCfg = Release|Any CPU
		{07D1D403-863A-4C97-B1BB-AD0A559143A0}.Release|Any CPU.Build.0 = Release|Any CPU
	EndGlobalSection
	GlobalSection(SolutionProperties) = preSolution
		HideSolutionNode = FALSE
	EndGlobalSection
	GlobalSection(ExtensibilityGlobals) = postSolution
		SolutionGuid = {E771A452-76DA-4762-BF65-5AC321F98011}
	EndGlobalSection
EndGlobal
